
Microsoft Visual Studio Solution File, Format Version 12.00
# Visual Studio 15
VisualStudioVersion = 15.0.26403.3
MinimumVisualStudioVersion = 10.0.40219.1
Project("{FAE04EC0-301F-11D3-BF4B-00C04F79EFBC}") = "OwinSelfhostSample", "OwinSelfhostSample\OwinSelfhostSample.csproj", "{5C4AC76F-CC2E-448F-8894-10378F568371}"
EndProject
Project("{FAE04EC0-301F-11D3-BF4B-00C04F79EFBC}") = "customersApi", "customersApi\customersApi.csproj", "{EF407A56-FD2A-45CF-9738-2A532740BBD2}"
EndProject
Project("{FAE04EC0-301F-11D3-BF4B-00C04F79EFBC}") = "CustomersBL", "CustomersBL\CustomersBL.csproj", "{9860CFEA-4BB9-4E15-90DC-E145D3E38A4E}"
EndProject
Project("{FAE04EC0-301F-11D3-BF4B-00C04F79EFBC}") = "CustomersDAL", "CustomersDAL\CustomersDAL.csproj", "{7C49798D-89EC-409F-81F1-06C658490682}"
EndProject
Project("{2150E333-8FDC-42A3-9474-1A3956D46DE8}") = "Server", "Server", "{18CDD171-1A4D-418E-B70A-7D364BDC48B4}"
EndProject
Project("{2150E333-8FDC-42A3-9474-1A3956D46DE8}") = "UI", "UI", "{DA5FA9DB-7FD8-41F7-9C35-7CF36BDDA7E3}"
EndProject
Project("{FAE04EC0-301F-11D3-BF4B-00C04F79EFBC}") = "CustomersConsoleUI", "CustomersConsoleUI\CustomersConsoleUI.csproj", "{E9176996-3E25-466E-9147-916EEAE11654}"
EndProject
Project("{FAE04EC0-301F-11D3-BF4B-00C04F79EFBC}") = "app1", "app1\app1.csproj", "{CC90B340-2971-456E-ACD3-45E93CDB7E5A}"
EndProject
Project("{FAE04EC0-301F-11D3-BF4B-00C04F79EFBC}") = "csutomers.Model", "csutomersModel\csutomers.Model.csproj", "{E3E1E841-61E9-4D6A-A7C7-8E92E919FC67}"
EndProject
Project("{FAE04EC0-301F-11D3-BF4B-00C04F79EFBC}") = "CustomersUtil", "CustomersUtil\CustomersUtil.csproj", "{1FE0371C-29E8-4E18-BAE4-501A9B0AF848}"
EndProject
Global
	GlobalSection(SolutionConfigurationPlatforms) = preSolution
		Debug|Any CPU = Debug|Any CPU
		Release|Any CPU = Release|Any CPU
	EndGlobalSection
	GlobalSection(ProjectConfigurationPlatforms) = postSolution
		{5C4AC76F-CC2E-448F-8894-10378F568371}.Debug|Any CPU.ActiveCfg = Debug|Any CPU
		{5C4AC76F-CC2E-448F-8894-10378F568371}.Debug|Any CPU.Build.0 = Debug|Any CPU
		{5C4AC76F-CC2E-448F-8894-10378F568371}.Release|Any CPU.ActiveCfg = Release|Any CPU
		{5C4AC76F-CC2E-448F-8894-10378F568371}.Release|Any CPU.Build.0 = Release|Any CPU
		{EF407A56-FD2A-45CF-9738-2A532740BBD2}.Debug|Any CPU.ActiveCfg = Debug|Any CPU
		{EF407A56-FD2A-45CF-9738-2A532740BBD2}.Debug|Any CPU.Build.0 = Debug|Any CPU
		{EF407A56-FD2A-45CF-9738-2A532740BBD2}.Release|Any CPU.ActiveCfg = Release|Any CPU
		{EF407A56-FD2A-45CF-9738-2A532740BBD2}.Release|Any CPU.Build.0 = Release|Any CPU
		{9860CFEA-4BB9-4E15-90DC-E145D3E38A4E}.Debug|Any CPU.ActiveCfg = Debug|Any CPU
		{9860CFEA-4BB9-4E15-90DC-E145D3E38A4E}.Debug|Any CPU.Build.0 = Debug|Any CPU
		{9860CFEA-4BB9-4E15-90DC-E145D3E38A4E}.Release|Any CPU.ActiveCfg = Release|Any CPU
		{9860CFEA-4BB9-4E15-90DC-E145D3E38A4E}.Release|Any CPU.Build.0 = Release|Any CPU
		{7C49798D-89EC-409F-81F1-06C658490682}.Debug|Any CPU.ActiveCfg = Debug|Any CPU
		{7C49798D-89EC-409F-81F1-06C658490682}.Debug|Any CPU.Build.0 = Debug|Any CPU
		{7C49798D-89EC-409F-81F1-06C658490682}.Release|Any CPU.ActiveCfg = Release|Any CPU
		{7C49798D-89EC-409F-81F1-06C658490682}.Release|Any CPU.Build.0 = Release|Any CPU
		{E9176996-3E25-466E-9147-916EEAE11654}.Debug|Any CPU.ActiveCfg = Debug|Any CPU
		{E9176996-3E25-466E-9147-916EEAE11654}.Debug|Any CPU.Build.0 = Debug|Any CPU
		{E9176996-3E25-466E-9147-916EEAE11654}.Release|Any CPU.ActiveCfg = Release|Any CPU
		{E9176996-3E25-466E-9147-916EEAE11654}.Release|Any CPU.Build.0 = Release|Any CPU
		{CC90B340-2971-456E-ACD3-45E93CDB7E5A}.Debug|Any CPU.ActiveCfg = Debug|Any CPU
		{CC90B340-2971-456E-ACD3-45E93CDB7E5A}.Debug|Any CPU.Build.0 = Debug|Any CPU
		{CC90B340-2971-456E-ACD3-45E93CDB7E5A}.Release|Any CPU.ActiveCfg = Release|Any CPU
		{CC90B340-2971-456E-ACD3-45E93CDB7E5A}.Release|Any CPU.Build.0 = Release|Any CPU
		{E3E1E841-61E9-4D6A-A7C7-8E92E919FC67}.Debug|Any CPU.ActiveCfg = Debug|Any CPU
		{E3E1E841-61E9-4D6A-A7C7-8E92E919FC67}.Debug|Any CPU.Build.0 = Debug|Any CPU
		{E3E1E841-61E9-4D6A-A7C7-8E92E919FC67}.Release|Any CPU.ActiveCfg = Release|Any CPU
		{E3E1E841-61E9-4D6A-A7C7-8E92E919FC67}.Release|Any CPU.Build.0 = Release|Any CPU
		{1FE0371C-29E8-4E18-BAE4-501A9B0AF848}.Debug|Any CPU.ActiveCfg = Debug|Any CPU
		{1FE0371C-29E8-4E18-BAE4-501A9B0AF848}.Debug|Any CPU.Build.0 = Debug|Any CPU
		{1FE0371C-29E8-4E18-BAE4-501A9B0AF848}.Release|Any CPU.ActiveCfg = Release|Any CPU
		{1FE0371C-29E8-4E18-BAE4-501A9B0AF848}.Release|Any CPU.Build.0 = Release|Any CPU
	EndGlobalSection
	GlobalSection(SolutionProperties) = preSolution
		HideSolutionNode = FALSE
	EndGlobalSection
	GlobalSection(NestedProjects) = preSolution
		{5C4AC76F-CC2E-448F-8894-10378F568371} = {18CDD171-1A4D-418E-B70A-7D364BDC48B4}
		{EF407A56-FD2A-45CF-9738-2A532740BBD2} = {18CDD171-1A4D-418E-B70A-7D364BDC48B4}
		{9860CFEA-4BB9-4E15-90DC-E145D3E38A4E} = {18CDD171-1A4D-418E-B70A-7D364BDC48B4}
		{7C49798D-89EC-409F-81F1-06C658490682} = {18CDD171-1A4D-418E-B70A-7D364BDC48B4}
		{E9176996-3E25-466E-9147-916EEAE11654} = {DA5FA9DB-7FD8-41F7-9C35-7CF36BDDA7E3}
		{CC90B340-2971-456E-ACD3-45E93CDB7E5A} = {DA5FA9DB-7FD8-41F7-9C35-7CF36BDDA7E3}
		{E3E1E841-61E9-4D6A-A7C7-8E92E919FC67} = {18CDD171-1A4D-418E-B70A-7D364BDC48B4}
		{1FE0371C-29E8-4E18-BAE4-501A9B0AF848} = {18CDD171-1A4D-418E-B70A-7D364BDC48B4}
	EndGlobalSection
EndGlobal
